
Microsoft Visual Studio Solution File, Format Version 12.00
# Visual Studio Version 16
VisualStudioVersion = 16.0.28721.148
MinimumVisualStudioVersion = 15.0.26124.0
Project("{9A19103F-16F7-4668-BE54-9A1E7A4F7556}") = "Homely.AspNetCore.Hosting.CoreApp", "src\Homely.AspNetCore.Hosting.CoreApp\Homely.AspNetCore.Hosting.CoreApp.csproj", "{CF46F002-F76B-495C-A875-92CC5A72AEE5}"
EndProject
Project("{9A19103F-16F7-4668-BE54-9A1E7A4F7556}") = "WebApplication1", "src\WebApplication1\WebApplication1.csproj", "{8CEA9203-8353-4EB1-85A4-8A3686F26B90}"
EndProject
Global
	GlobalSection(SolutionConfigurationPlatforms) = preSolution
		Debug|Any CPU = Debug|Any CPU
		Release|Any CPU = Release|Any CPU
	EndGlobalSection
	GlobalSection(ProjectConfigurationPlatforms) = postSolution
		{CF46F002-F76B-495C-A875-92CC5A72AEE5}.Debug|Any CPU.ActiveCfg = Debug|Any CPU
		{CF46F002-F76B-495C-A875-92CC5A72AEE5}.Debug|Any CPU.Build.0 = Debug|Any CPU
		{CF46F002-F76B-495C-A875-92CC5A72AEE5}.Release|Any CPU.ActiveCfg = Release|Any CPU
		{CF46F002-F76B-495C-A875-92CC5A72AEE5}.Release|Any CPU.Build.0 = Release|Any CPU
		{8CEA9203-8353-4EB1-85A4-8A3686F26B90}.Debug|Any CPU.ActiveCfg = Debug|Any CPU
		{8CEA9203-8353-4EB1-85A4-8A3686F26B90}.Debug|Any CPU.Build.0 = Debug|Any CPU
		{8CEA9203-8353-4EB1-85A4-8A3686F26B90}.Release|Any CPU.ActiveCfg = Release|Any CPU
		{8CEA9203-8353-4EB1-85A4-8A3686F26B90}.Release|Any CPU.Build.0 = Release|Any CPU
	EndGlobalSection
	GlobalSection(SolutionProperties) = preSolution
		HideSolutionNode = FALSE
	EndGlobalSection
	GlobalSection(ExtensibilityGlobals) = postSolution
		SolutionGuid = {D2610FC5-400C-462E-8BEC-028ECC97A1EF}
	EndGlobalSection
EndGlobal
